// !$*UTF8*$!
{
	archiveVersion = 1;
	classes = {
	};
	objectVersion = 46;
	objects = {

/* Begin PBXBuildFile section */
		36C9026D1AF223A700C147CC /* main.m in Sources */ = {isa = PBXBuildFile; fileRef = 36C9026C1AF223A700C147CC /* main.m */; };
		36C902701AF223A700C147CC /* AppDelegate.m in Sources */ = {isa = PBXBuildFile; fileRef = 36C9026F1AF223A700C147CC /* AppDelegate.m */; };
		36C902731AF223A700C147CC /* FirstViewController.m in Sources */ = {isa = PBXBuildFile; fileRef = 36C902721AF223A700C147CC /* FirstViewController.m */; };
		36C902761AF223A700C147CC /* SecondViewController.m in Sources */ = {isa = PBXBuildFile; fileRef = 36C902751AF223A700C147CC /* SecondViewController.m */; };
		36C902791AF223A800C147CC /* Main.storyboard in Resources */ = {isa = PBXBuildFile; fileRef = 36C902771AF223A800C147CC /* Main.storyboard */; };
		36C9027B1AF223A800C147CC /* Images.xcassets in Resources */ = {isa = PBXBuildFile; fileRef = 36C9027A1AF223A800C147CC /* Images.xcassets */; };
		36C9027E1AF223A800C147CC /* LaunchScreen.xib in Resources */ = {isa = PBXBuildFile; fileRef = 36C9027C1AF223A800C147CC /* LaunchScreen.xib */; };
		36C9028A1AF223A800C147CC /* TeamMe2Tests.m in Sources */ = {isa = PBXBuildFile; fileRef = 36C902891AF223A800C147CC /* TeamMe2Tests.m */; };
/* End PBXBuildFile section */

/* Begin PBXContainerItemProxy section */
		36C902841AF223A800C147CC /* PBXContainerItemProxy */ = {
			isa = PBXContainerItemProxy;
			containerPortal = 36C9025F1AF223A700C147CC /* Project object */;
			proxyType = 1;
			remoteGlobalIDString = 36C902661AF223A700C147CC;
			remoteInfo = TeamMe2;
		};
/* End PBXContainerItemProxy section */

/* Begin PBXFileReference section */
		36C902671AF223A700C147CC /* TeamMe2.app */ = {isa = PBXFileReference; explicitFileType = wrapper.application; includeInIndex = 0; path = TeamMe2.app; sourceTree = BUILT_PRODUCTS_DIR; };
		36C9026B1AF223A700C147CC /* Info.plist */ = {isa = PBXFileReference; lastKnownFileType = text.plist.xml; path = Info.plist; sourceTree = "<group>"; };
		36C9026C1AF223A700C147CC /* main.m */ = {isa = PBXFileReference; lastKnownFileType = sourcecode.c.objc; path = main.m; sourceTree = "<group>"; };
		36C9026E1AF223A700C147CC /* AppDelegate.h */ = {isa = PBXFileReference; lastKnownFileType = sourcecode.c.h; path = AppDelegate.h; sourceTree = "<group>"; };
		36C9026F1AF223A700C147CC /* AppDelegate.m */ = {isa = PBXFileReference; lastKnownFileType = sourcecode.c.objc; path = AppDelegate.m; sourceTree = "<group>"; };
		36C902711AF223A700C147CC /* FirstViewController.h */ = {isa = PBXFileReference; lastKnownFileType = sourcecode.c.h; path = FirstViewController.h; sourceTree = "<group>"; };
		36C902721AF223A700C147CC /* FirstViewController.m */ = {isa = PBXFileReference; lastKnownFileType = sourcecode.c.objc; path = FirstViewController.m; sourceTree = "<group>"; };
		36C902741AF223A700C147CC /* SecondViewController.h */ = {isa = PBXFileReference; lastKnownFileType = sourcecode.c.h; path = SecondViewController.h; sourceTree = "<group>"; };
		36C902751AF223A700C147CC /* SecondViewController.m */ = {isa = PBXFileReference; lastKnownFileType = sourcecode.c.objc; path = SecondViewController.m; sourceTree = "<group>"; };
		36C902781AF223A800C147CC /* Base */ = {isa = PBXFileReference; lastKnownFileType = file.storyboard; name = Base; path = Base.lproj/Main.storyboard; sourceTree = "<group>"; };
		36C9027A1AF223A800C147CC /* Images.xcassets */ = {isa = PBXFileReference; lastKnownFileType = folder.assetcatalog; path = Images.xcassets; sourceTree = "<group>"; };
		36C9027D1AF223A800C147CC /* Base */ = {isa = PBXFileReference; lastKnownFileType = file.xib; name = Base; path = Base.lproj/LaunchScreen.xib; sourceTree = "<group>"; };
		36C902831AF223A800C147CC /* TeamMe2Tests.xctest */ = {isa = PBXFileReference; explicitFileType = wrapper.cfbundle; includeInIndex = 0; path = TeamMe2Tests.xctest; sourceTree = BUILT_PRODUCTS_DIR; };
		36C902881AF223A800C147CC /* Info.plist */ = {isa = PBXFileReference; lastKnownFileType = text.plist.xml; path = Info.plist; sourceTree = "<group>"; };
		36C902891AF223A800C147CC /* TeamMe2Tests.m */ = {isa = PBXFileReference; lastKnownFileType = sourcecode.c.objc; path = TeamMe2Tests.m; sourceTree = "<group>"; };
/* End PBXFileReference section */

/* Begin PBXFrameworksBuildPhase section */
		36C902641AF223A700C147CC /* Frameworks */ = {
			isa = PBXFrameworksBuildPhase;
			buildActionMask = 2147483647;
			files = (
			);
			runOnlyForDeploymentPostprocessing = 0;
		};
		36C902801AF223A800C147CC /* Frameworks */ = {
			isa = PBXFrameworksBuildPhase;
			buildActionMask = 2147483647;
			files = (
			);
			runOnlyForDeploymentPostprocessing = 0;
		};
/* End PBXFrameworksBuildPhase section */

/* Begin PBXGroup section */
		36C9025E1AF223A700C147CC = {
			isa = PBXGroup;
			children = (
				36C902691AF223A700C147CC /* TeamMe2 */,
				36C902861AF223A800C147CC /* TeamMe2Tests */,
				36C902681AF223A700C147CC /* Products */,
			);
			sourceTree = "<group>";
		};
		36C902681AF223A700C147CC /* Products */ = {
			isa = PBXGroup;
			children = (
				36C902671AF223A700C147CC /* TeamMe2.app */,
				36C902831AF223A800C147CC /* TeamMe2Tests.xctest */,
			);
			name = Products;
			sourceTree = "<group>";
		};
		36C902691AF223A700C147CC /* TeamMe2 */ = {
			isa = PBXGroup;
			children = (
				36C9026E1AF223A700C147CC /* AppDelegate.h */,
				36C9026F1AF223A700C147CC /* AppDelegate.m */,
				36C902711AF223A700C147CC /* FirstViewController.h */,
				36C902721AF223A700C147CC /* FirstViewController.m */,
				36C902741AF223A700C147CC /* SecondViewController.h */,
				36C902751AF223A700C147CC /* SecondViewController.m */,
				36C902771AF223A800C147CC /* Main.storyboard */,
				36C9027A1AF223A800C147CC /* Images.xcassets */,
				36C9027C1AF223A800C147CC /* LaunchScreen.xib */,
				36C9026A1AF223A700C147CC /* Supporting Files */,
			);
			path = TeamMe2;
			sourceTree = "<group>";
		};
		36C9026A1AF223A700C147CC /* Supporting Files */ = {
			isa = PBXGroup;
			children = (
				36C9026B1AF223A700C147CC /* Info.plist */,
				36C9026C1AF223A700C147CC /* main.m */,
			);
			name = "Supporting Files";
			sourceTree = "<group>";
		};
		36C902861AF223A800C147CC /* TeamMe2Tests */ = {
			isa = PBXGroup;
			children = (
				36C902891AF223A800C147CC /* TeamMe2Tests.m */,
				36C902871AF223A800C147CC /* Supporting Files */,
			);
			path = TeamMe2Tests;
			sourceTree = "<group>";
		};
		36C902871AF223A800C147CC /* Supporting Files */ = {
			isa = PBXGroup;
			children = (
				36C902881AF223A800C147CC /* Info.plist */,
			);
			name = "Supporting Files";
			sourceTree = "<group>";
		};
/* End PBXGroup section */

/* Begin PBXNativeTarget section */
		36C902661AF223A700C147CC /* TeamMe2 */ = {
			isa = PBXNativeTarget;
			buildConfigurationList = 36C9028D1AF223A800C147CC /* Build configuration list for PBXNativeTarget "TeamMe2" */;
			buildPhases = (
				36C902631AF223A700C147CC /* Sources */,
				36C902641AF223A700C147CC /* Frameworks */,
				36C902651AF223A700C147CC /* Resources */,
			);
			buildRules = (
			);
			dependencies = (
			);
			name = TeamMe2;
			productName = TeamMe2;
			productReference = 36C902671AF223A700C147CC /* TeamMe2.app */;
			productType = "com.apple.product-type.application";
		};
		36C902821AF223A800C147CC /* TeamMe2Tests */ = {
			isa = PBXNativeTarget;
			buildConfigurationList = 36C902901AF223A800C147CC /* Build configuration list for PBXNativeTarget "TeamMe2Tests" */;
			buildPhases = (
				36C9027F1AF223A800C147CC /* Sources */,
				36C902801AF223A800C147CC /* Frameworks */,
				36C902811AF223A800C147CC /* Resources */,
			);
			buildRules = (
			);
			dependencies = (
				36C902851AF223A800C147CC /* PBXTargetDependency */,
			);
			name = TeamMe2Tests;
			productName = TeamMe2Tests;
			productReference = 36C902831AF223A800C147CC /* TeamMe2Tests.xctest */;
			productType = "com.apple.product-type.bundle.unit-test";
		};
/* End PBXNativeTarget section */

/* Begin PBXProject section */
		36C9025F1AF223A700C147CC /* Project object */ = {
			isa = PBXProject;
			attributes = {
				LastUpgradeCheck = 0630;
				ORGANIZATIONNAME = "Ofer Livny";
				TargetAttributes = {
					36C902661AF223A700C147CC = {
						CreatedOnToolsVersion = 6.3.1;
					};
					36C902821AF223A800C147CC = {
						CreatedOnToolsVersion = 6.3.1;
						TestTargetID = 36C902661AF223A700C147CC;
					};
				};
			};
			buildConfigurationList = 36C902621AF223A700C147CC /* Build configuration list for PBXProject "TeamMe2" */;
			compatibilityVersion = "Xcode 3.2";
			developmentRegion = English;
			hasScannedForEncodings = 0;
			knownRegions = (
				en,
				Base,
			);
			mainGroup = 36C9025E1AF223A700C147CC;
			productRefGroup = 36C902681AF223A700C147CC /* Products */;
			projectDirPath = "";
			projectRoot = "";
			targets = (
				36C902661AF223A700C147CC /* TeamMe2 */,
				36C902821AF223A800C147CC /* TeamMe2Tests */,
			);
		};
/* End PBXProject section */

/* Begin PBXResourcesBuildPhase section */
		36C902651AF223A700C147CC /* Resources */ = {
			isa = PBXResourcesBuildPhase;
			buildActionMask = 2147483647;
			files = (
				36C902791AF223A800C147CC /* Main.storyboard in Resources */,
				36C9027E1AF223A800C147CC /* LaunchScreen.xib in Resources */,
				36C9027B1AF223A800C147CC /* Images.xcassets in Resources */,
			);
			runOnlyForDeploymentPostprocessing = 0;
		};
		36C902811AF223A800C147CC /* Resources */ = {
			isa = PBXResourcesBuildPhase;
			buildActionMask = 2147483647;
			files = (
			);
			runOnlyForDeploymentPostprocessing = 0;
		};
/* End PBXResourcesBuildPhase section */

/* Begin PBXSourcesBuildPhase section */
		36C902631AF223A700C147CC /* Sources */ = {
			isa = PBXSourcesBuildPhase;
			buildActionMask = 2147483647;
			files = (
				36C902761AF223A700C147CC /* SecondViewController.m in Sources */,
				36C902701AF223A700C147CC /* AppDelegate.m in Sources */,
				36C902731AF223A700C147CC /* FirstViewController.m in Sources */,
				36C9026D1AF223A700C147CC /* main.m in Sources */,
			);
			runOnlyForDeploymentPostprocessing = 0;
		};
		36C9027F1AF223A800C147CC /* Sources */ = {
			isa = PBXSourcesBuildPhase;
			buildActionMask = 2147483647;
			files = (
				36C9028A1AF223A800C147CC /* TeamMe2Tests.m in Sources */,
			);
			runOnlyForDeploymentPostprocessing = 0;
		};
/* End PBXSourcesBuildPhase section */

/* Begin PBXTargetDependency section */
		36C902851AF223A800C147CC /* PBXTargetDependency */ = {
			isa = PBXTargetDependency;
			target = 36C902661AF223A700C147CC /* TeamMe2 */;
			targetProxy = 36C902841AF223A800C147CC /* PBXContainerItemProxy */;
		};
/* End PBXTargetDependency section */

/* Begin PBXVariantGroup section */
		36C902771AF223A800C147CC /* Main.storyboard */ = {
			isa = PBXVariantGroup;
			children = (
				36C902781AF223A800C147CC /* Base */,
			);
			name = Main.storyboard;
			sourceTree = "<group>";
		};
		36C9027C1AF223A800C147CC /* LaunchScreen.xib */ = {
			isa = PBXVariantGroup;
			children = (
				36C9027D1AF223A800C147CC /* Base */,
			);
			name = LaunchScreen.xib;
			sourceTree = "<group>";
		};
/* End PBXVariantGroup section */

/* Begin XCBuildConfiguration section */
		36C9028B1AF223A800C147CC /* Debug */ = {
			isa = XCBuildConfiguration;
			buildSettings = {
				ALWAYS_SEARCH_USER_PATHS = NO;
				CLANG_CXX_LANGUAGE_STANDARD = "gnu++0x";
				CLANG_CXX_LIBRARY = "libc++";
				CLANG_ENABLE_MODULES = YES;
				CLANG_ENABLE_OBJC_ARC = YES;
				CLANG_WARN_BOOL_CONVERSION = YES;
				CLANG_WARN_CONSTANT_CONVERSION = YES;
				CLANG_WARN_DIRECT_OBJC_ISA_USAGE = YES_ERROR;
				CLANG_WARN_EMPTY_BODY = YES;
				CLANG_WARN_ENUM_CONVERSION = YES;
				CLANG_WARN_INT_CONVERSION = YES;
				CLANG_WARN_OBJC_ROOT_CLASS = YES_ERROR;
				CLANG_WARN_UNREACHABLE_CODE = YES;
				CLANG_WARN__DUPLICATE_METHOD_MATCH = YES;
				"CODE_SIGN_IDENTITY[sdk=iphoneos*]" = "iPhone Developer";
				COPY_PHASE_STRIP = NO;
				DEBUG_INFORMATION_FORMAT = "dwarf-with-dsym";
				ENABLE_STRICT_OBJC_MSGSEND = YES;
				GCC_C_LANGUAGE_STANDARD = gnu99;
				GCC_DYNAMIC_NO_PIC = NO;
				GCC_NO_COMMON_BLOCKS = YES;
				GCC_OPTIMIZATION_LEVEL = 0;
				GCC_PREPROCESSOR_DEFINITIONS = (
					"DEBUG=1",
					"$(inherited)",
				);
				GCC_SYMBOLS_PRIVATE_EXTERN = NO;
				GCC_WARN_64_TO_32_BIT_CONVERSION = YES;
				GCC_WARN_ABOUT_RETURN_TYPE = YES_ERROR;
				GCC_WARN_UNDECLARED_SELECTOR = YES;
				GCC_WARN_UNINITIALIZED_AUTOS = YES_AGGRESSIVE;
				GCC_WARN_UNUSED_FUNCTION = YES;
				GCC_WARN_UNUSED_VARIABLE = YES;
				IPHONEOS_DEPLOYMENT_TARGET = 8.3;
				MTL_ENABLE_DEBUG_INFO = YES;
				ONLY_ACTIVE_ARCH = YES;
				SDKROOT = iphoneos;
				TARGETED_DEVICE_FAMILY = "1,2";
			};
			name = Debug;
		};
		36C9028C1AF223A800C147CC /* Release */ = {
			isa = XCBuildConfiguration;
			buildSettings = {
				ALWAYS_SEARCH_USER_PATHS = NO;
				CLANG_CXX_LANGUAGE_STANDARD = "gnu++0x";
				CLANG_CXX_LIBRARY = "libc++";
				CLANG_ENABLE_MODULES = YES;
				CLANG_ENABLE_OBJC_ARC = YES;
				CLANG_WARN_BOOL_CONVERSION = YES;
				CLANG_WARN_CONSTANT_CONVERSION = YES;
				CLANG_WARN_DIRECT_OBJC_ISA_USAGE = YES_ERROR;
				CLANG_WARN_EMPTY_BODY = YES;
				CLANG_WARN_ENUM_CONVERSION = YES;
				CLANG_WARN_INT_CONVERSION = YES;
				CLANG_WARN_OBJC_ROOT_CLASS = YES_ERROR;
				CLANG_WARN_UNREACHABLE_CODE = YES;
				CLANG_WARN__DUPLICATE_METHOD_MATCH = YES;
				"CODE_SIGN_IDENTITY[sdk=iphoneos*]" = "iPhone Developer";
				COPY_PHASE_STRIP = NO;
				DEBUG_INFORMATION_FORMAT = "dwarf-with-dsym";
				ENABLE_NS_ASSERTIONS = NO;
				ENABLE_STRICT_OBJC_MSGSEND = YES;
				GCC_C_LANGUAGE_STANDARD = gnu99;
				GCC_NO_COMMON_BLOCKS = YES;
				GCC_WARN_64_TO_32_BIT_CONVERSION = YES;
				GCC_WARN_ABOUT_RETURN_TYPE = YES_ERROR;
				GCC_WARN_UNDECLARED_SELECTOR = YES;
				GCC_WARN_UNINITIALIZED_AUTOS = YES_AGGRESSIVE;
				GCC_WARN_UNUSED_FUNCTION = YES;
				GCC_WARN_UNUSED_VARIABLE = YES;
				IPHONEOS_DEPLOYMENT_TARGET = 8.3;
				MTL_ENABLE_DEBUG_INFO = NO;
				SDKROOT = iphoneos;
				TARGETED_DEVICE_FAMILY = "1,2";
				VALIDATE_PRODUCT = YES;
			};
			name = Release;
		};
		36C9028E1AF223A800C147CC /* Debug */ = {
			isa = XCBuildConfiguration;
			buildSettings = {
				ASSETCATALOG_COMPILER_APPICON_NAME = AppIcon;
				INFOPLIST_FILE = TeamMe2/Info.plist;
				LD_RUNPATH_SEARCH_PATHS = "$(inherited) @executable_path/Frameworks";
				PRODUCT_NAME = "$(TARGET_NAME)";
			};
			name = Debug;
		};
		36C9028F1AF223A800C147CC /* Release */ = {
			isa = XCBuildConfiguration;
			buildSettings = {
				ASSETCATALOG_COMPILER_APPICON_NAME = AppIcon;
				INFOPLIST_FILE = TeamMe2/Info.plist;
				LD_RUNPATH_SEARCH_PATHS = "$(inherited) @executable_path/Frameworks";
				PRODUCT_NAME = "$(TARGET_NAME)";
			};
			name = Release;
		};
		36C902911AF223A800C147CC /* Debug */ = {
			isa = XCBuildConfiguration;
			buildSettings = {
				BUNDLE_LOADER = "$(TEST_HOST)";
				FRAMEWORK_SEARCH_PATHS = (
					"$(SDKROOT)/Developer/Library/Frameworks",
					"$(inherited)",
				);
				GCC_PREPROCESSOR_DEFINITIONS = (
					"DEBUG=1",
					"$(inherited)",
				);
				INFOPLIST_FILE = TeamMe2Tests/Info.plist;
				LD_RUNPATH_SEARCH_PATHS = "$(inherited) @executable_path/Frameworks @loader_path/Frameworks";
				PRODUCT_NAME = "$(TARGET_NAME)";
				TEST_HOST = "$(BUILT_PRODUCTS_DIR)/TeamMe2.app/TeamMe2";
			};
			name = Debug;
		};
		36C902921AF223A800C147CC /* Release */ = {
			isa = XCBuildConfiguration;
			buildSettings = {
				BUNDLE_LOADER = "$(TEST_HOST)";
				FRAMEWORK_SEARCH_PATHS = (
					"$(SDKROOT)/Developer/Library/Frameworks",
					"$(inherited)",
				);
				INFOPLIST_FILE = TeamMe2Tests/Info.plist;
				LD_RUNPATH_SEARCH_PATHS = "$(inherited) @executable_path/Frameworks @loader_path/Frameworks";
				PRODUCT_NAME = "$(TARGET_NAME)";
				TEST_HOST = "$(BUILT_PRODUCTS_DIR)/TeamMe2.app/TeamMe2";
			};
			name = Release;
		};
/* End XCBuildConfiguration section */

/* Begin XCConfigurationList section */
		36C902621AF223A700C147CC /* Build configuration list for PBXProject "TeamMe2" */ = {
			isa = XCConfigurationList;
			buildConfigurations = (
				36C9028B1AF223A800C147CC /* Debug */,
				36C9028C1AF223A800C147CC /* Release */,
			);
			defaultConfigurationIsVisible = 0;
			defaultConfigurationName = Release;
		};
		36C9028D1AF223A800C147CC /* Build configuration list for PBXNativeTarget "TeamMe2" */ = {
			isa = XCConfigurationList;
			buildConfigurations = (
				36C9028E1AF223A800C147CC /* Debug */,
				36C9028F1AF223A800C147CC /* Release */,
			);
			defaultConfigurationIsVisible = 0;
		};
		36C902901AF223A800C147CC /* Build configuration list for PBXNativeTarget "TeamMe2Tests" */ = {
			isa = XCConfigurationList;
			buildConfigurations = (
				36C902911AF223A800C147CC /* Debug */,
				36C902921AF223A800C147CC /* Release */,
			);
			defaultConfigurationIsVisible = 0;
		};
/* End XCConfigurationList section */
	};
	rootObject = 36C9025F1AF223A700C147CC /* Project object */;
}
